// !$*UTF8*$!
{
	archiveVersion = 1;
	classes = {
	};
	objectVersion = 50;
	objects = {

/* Begin PBXBuildFile section */
		83225D0F25FA1A4400C1AA8D /* PointsView.swift in Sources */ = {isa = PBXBuildFile; fileRef = 83225D0E25FA1A4400C1AA8D /* PointsView.swift */; };
		83828BEB25F4EC840043F125 /* Game.swift in Sources */ = {isa = PBXBuildFile; fileRef = 83828BEA25F4EC840043F125 /* Game.swift */; };
		838F030C25F8CD4600791F72 /* BackgroundView.swift in Sources */ = {isa = PBXBuildFile; fileRef = 838F030B25F8CD4600791F72 /* BackgroundView.swift */; };
		83A2F72225F37CE300BC47A0 /* HitMeApp.swift in Sources */ = {isa = PBXBuildFile; fileRef = 83A2F72125F37CE300BC47A0 /* HitMeApp.swift */; };
		83A2F72425F37CE300BC47A0 /* ContentView.swift in Sources */ = {isa = PBXBuildFile; fileRef = 83A2F72325F37CE300BC47A0 /* ContentView.swift */; };
		83A2F72625F37CE400BC47A0 /* Assets.xcassets in Resources */ = {isa = PBXBuildFile; fileRef = 83A2F72525F37CE400BC47A0 /* Assets.xcassets */; };
		83A2F72925F37CE400BC47A0 /* Preview Assets.xcassets in Resources */ = {isa = PBXBuildFile; fileRef = 83A2F72825F37CE400BC47A0 /* Preview Assets.xcassets */; };
		83BBAFD025FB752E007C347C /* Constants.swift in Sources */ = {isa = PBXBuildFile; fileRef = 83BBAFCF25FB752E007C347C /* Constants.swift */; };
		83BBAFD625FB9F3C007C347C /* LeaderboardView.swift in Sources */ = {isa = PBXBuildFile; fileRef = 83BBAFD525FB9F3C007C347C /* LeaderboardView.swift */; };
		83DBFC5225F7F46300F37B3C /* TextViews.swift in Sources */ = {isa = PBXBuildFile; fileRef = 83DBFC5125F7F46300F37B3C /* TextViews.swift */; };
		83DBFC5825F7FA8D00F37B3C /* Shapes.swift in Sources */ = {isa = PBXBuildFile; fileRef = 83DBFC5725F7FA8D00F37B3C /* Shapes.swift */; };
		83DBFC5C25F8B61200F37B3C /* RoundedViews.swift in Sources */ = {isa = PBXBuildFile; fileRef = 83DBFC5B25F8B61200F37B3C /* RoundedViews.swift */; };
		83F87A3B25F63BFE008A3924 /* HitMeTests.swift in Sources */ = {isa = PBXBuildFile; fileRef = 83F87A3A25F63BFE008A3924 /* HitMeTests.swift */; };
/* End PBXBuildFile section */

/* Begin PBXContainerItemProxy section */
		83F87A3D25F63BFE008A3924 /* PBXContainerItemProxy */ = {
			isa = PBXContainerItemProxy;
			containerPortal = 83A2F71625F37CE300BC47A0 /* Project object */;
			proxyType = 1;
			remoteGlobalIDString = 83A2F71D25F37CE300BC47A0;
			remoteInfo = HitMe;
		};
/* End PBXContainerItemProxy section */

/* Begin PBXFileReference section */
		5A4168CFB674EF4E8CF87A08 /* .gitignore */ = {isa = PBXFileReference; lastKnownFileType = file.gitignore; path = .gitignore; sourceTree = "<group>"; };
		83225D0E25FA1A4400C1AA8D /* PointsView.swift */ = {isa = PBXFileReference; lastKnownFileType = sourcecode.swift; path = PointsView.swift; sourceTree = "<group>"; };
		83828BEA25F4EC840043F125 /* Game.swift */ = {isa = PBXFileReference; lastKnownFileType = sourcecode.swift; path = Game.swift; sourceTree = "<group>"; };
		838F030B25F8CD4600791F72 /* BackgroundView.swift */ = {isa = PBXFileReference; lastKnownFileType = sourcecode.swift; path = BackgroundView.swift; sourceTree = "<group>"; };
		83A2F71E25F37CE300BC47A0 /* HitMe.app */ = {isa = PBXFileReference; explicitFileType = wrapper.application; includeInIndex = 0; path = HitMe.app; sourceTree = BUILT_PRODUCTS_DIR; };
		83A2F72125F37CE300BC47A0 /* HitMeApp.swift */ = {isa = PBXFileReference; lastKnownFileType = sourcecode.swift; path = HitMeApp.swift; sourceTree = "<group>"; };
		83A2F72325F37CE300BC47A0 /* ContentView.swift */ = {isa = PBXFileReference; lastKnownFileType = sourcecode.swift; path = ContentView.swift; sourceTree = "<group>"; };
		83A2F72525F37CE400BC47A0 /* Assets.xcassets */ = {isa = PBXFileReference; lastKnownFileType = folder.assetcatalog; path = Assets.xcassets; sourceTree = "<group>"; };
		83A2F72825F37CE400BC47A0 /* Preview Assets.xcassets */ = {isa = PBXFileReference; lastKnownFileType = folder.assetcatalog; path = "Preview Assets.xcassets"; sourceTree = "<group>"; };
		83A2F72A25F37CE400BC47A0 /* Info.plist */ = {isa = PBXFileReference; lastKnownFileType = text.plist.xml; path = Info.plist; sourceTree = "<group>"; };
		83BBAFCF25FB752E007C347C /* Constants.swift */ = {isa = PBXFileReference; lastKnownFileType = sourcecode.swift; path = Constants.swift; sourceTree = "<group>"; };
		83BBAFD525FB9F3C007C347C /* LeaderboardView.swift */ = {isa = PBXFileReference; lastKnownFileType = sourcecode.swift; path = LeaderboardView.swift; sourceTree = "<group>"; };
		83DBFC5125F7F46300F37B3C /* TextViews.swift */ = {isa = PBXFileReference; lastKnownFileType = sourcecode.swift; path = TextViews.swift; sourceTree = "<group>"; };
		83DBFC5725F7FA8D00F37B3C /* Shapes.swift */ = {isa = PBXFileReference; lastKnownFileType = sourcecode.swift; path = Shapes.swift; sourceTree = "<group>"; };
		83DBFC5B25F8B61200F37B3C /* RoundedViews.swift */ = {isa = PBXFileReference; lastKnownFileType = sourcecode.swift; path = RoundedViews.swift; sourceTree = "<group>"; };
		83F87A3825F63BFE008A3924 /* HitMeTests.xctest */ = {isa = PBXFileReference; explicitFileType = wrapper.cfbundle; includeInIndex = 0; path = HitMeTests.xctest; sourceTree = BUILT_PRODUCTS_DIR; };
		83F87A3A25F63BFE008A3924 /* HitMeTests.swift */ = {isa = PBXFileReference; lastKnownFileType = sourcecode.swift; path = HitMeTests.swift; sourceTree = "<group>"; };
		83F87A3C25F63BFE008A3924 /* Info.plist */ = {isa = PBXFileReference; lastKnownFileType = text.plist.xml; path = Info.plist; sourceTree = "<group>"; };
/* End PBXFileReference section */

/* Begin PBXFrameworksBuildPhase section */
		83A2F71B25F37CE300BC47A0 /* Frameworks */ = {
			isa = PBXFrameworksBuildPhase;
			buildActionMask = 2147483647;
			files = (
			);
			runOnlyForDeploymentPostprocessing = 0;
		};
		83F87A3525F63BFE008A3924 /* Frameworks */ = {
			isa = PBXFrameworksBuildPhase;
			buildActionMask = 2147483647;
			files = (
			);
			runOnlyForDeploymentPostprocessing = 0;
		};
/* End PBXFrameworksBuildPhase section */

/* Begin PBXGroup section */
		83828BE525F4EBED0043F125 /* Models */ = {
			isa = PBXGroup;
			children = (
				83828BEA25F4EC840043F125 /* Game.swift */,
				83BBAFCF25FB752E007C347C /* Constants.swift */,
			);
			path = Models;
			sourceTree = "<group>";
		};
		83828BE625F4EBF20043F125 /* Views */ = {
			isa = PBXGroup;
			children = (
				83A2F72325F37CE300BC47A0 /* ContentView.swift */,
				83DBFC5125F7F46300F37B3C /* TextViews.swift */,
				83DBFC5725F7FA8D00F37B3C /* Shapes.swift */,
				83DBFC5B25F8B61200F37B3C /* RoundedViews.swift */,
				838F030B25F8CD4600791F72 /* BackgroundView.swift */,
				83225D0E25FA1A4400C1AA8D /* PointsView.swift */,
				83BBAFD525FB9F3C007C347C /* LeaderboardView.swift */,
			);
			path = Views;
			sourceTree = "<group>";
		};
		83828BE725F4EBFF0043F125 /* App */ = {
			isa = PBXGroup;
			children = (
				83A2F72125F37CE300BC47A0 /* HitMeApp.swift */,
				83A2F72525F37CE400BC47A0 /* Assets.xcassets */,
				83A2F72A25F37CE400BC47A0 /* Info.plist */,
			);
			path = App;
			sourceTree = "<group>";
		};
		83A2F71525F37CE300BC47A0 = {
			isa = PBXGroup;
			children = (
				83A2F72025F37CE300BC47A0 /* HitMe */,
				83F87A3925F63BFE008A3924 /* HitMeTests */,
				83A2F71F25F37CE300BC47A0 /* Products */,
				5A4168CFB674EF4E8CF87A08 /* .gitignore */,
			);
			sourceTree = "<group>";
		};
		83A2F71F25F37CE300BC47A0 /* Products */ = {
			isa = PBXGroup;
			children = (
				83A2F71E25F37CE300BC47A0 /* HitMe.app */,
				83F87A3825F63BFE008A3924 /* HitMeTests.xctest */,
			);
			name = Products;
			sourceTree = "<group>";
		};
		83A2F72025F37CE300BC47A0 /* HitMe */ = {
			isa = PBXGroup;
			children = (
				83828BE725F4EBFF0043F125 /* App */,
				83828BE625F4EBF20043F125 /* Views */,
				83828BE525F4EBED0043F125 /* Models */,
				83A2F72725F37CE400BC47A0 /* Preview Content */,
			);
			path = HitMe;
			sourceTree = "<group>";
		};
		83A2F72725F37CE400BC47A0 /* Preview Content */ = {
			isa = PBXGroup;
			children = (
				83A2F72825F37CE400BC47A0 /* Preview Assets.xcassets */,
			);
			path = "Preview Content";
			sourceTree = "<group>";
		};
		83F87A3925F63BFE008A3924 /* HitMeTests */ = {
			isa = PBXGroup;
			children = (
				83F87A3A25F63BFE008A3924 /* HitMeTests.swift */,
				83F87A3C25F63BFE008A3924 /* Info.plist */,
			);
			path = HitMeTests;
			sourceTree = "<group>";
		};
/* End PBXGroup section */

/* Begin PBXNativeTarget section */
		83A2F71D25F37CE300BC47A0 /* HitMe */ = {
			isa = PBXNativeTarget;
			buildConfigurationList = 83A2F72D25F37CE400BC47A0 /* Build configuration list for PBXNativeTarget "HitMe" */;
			buildPhases = (
				83A2F71A25F37CE300BC47A0 /* Sources */,
				83A2F71B25F37CE300BC47A0 /* Frameworks */,
				83A2F71C25F37CE300BC47A0 /* Resources */,
			);
			buildRules = (
			);
			dependencies = (
			);
			name = HitMe;
			productName = HitMe;
			productReference = 83A2F71E25F37CE300BC47A0 /* HitMe.app */;
			productType = "com.apple.product-type.application";
		};
		83F87A3725F63BFE008A3924 /* HitMeTests */ = {
			isa = PBXNativeTarget;
			buildConfigurationList = 83F87A3F25F63BFE008A3924 /* Build configuration list for PBXNativeTarget "HitMeTests" */;
			buildPhases = (
				83F87A3425F63BFE008A3924 /* Sources */,
				83F87A3525F63BFE008A3924 /* Frameworks */,
				83F87A3625F63BFE008A3924 /* Resources */,
			);
			buildRules = (
			);
			dependencies = (
				83F87A3E25F63BFE008A3924 /* PBXTargetDependency */,
			);
			name = HitMeTests;
			productName = HitMeTests;
			productReference = 83F87A3825F63BFE008A3924 /* HitMeTests.xctest */;
			productType = "com.apple.product-type.bundle.unit-test";
		};
/* End PBXNativeTarget section */

/* Begin PBXProject section */
		83A2F71625F37CE300BC47A0 /* Project object */ = {
			isa = PBXProject;
			attributes = {
				LastSwiftUpdateCheck = 1240;
				LastUpgradeCheck = 1240;
				TargetAttributes = {
					83A2F71D25F37CE300BC47A0 = {
						CreatedOnToolsVersion = 12.4;
					};
					83F87A3725F63BFE008A3924 = {
						CreatedOnToolsVersion = 12.4;
						TestTargetID = 83A2F71D25F37CE300BC47A0;
					};
				};
			};
			buildConfigurationList = 83A2F71925F37CE300BC47A0 /* Build configuration list for PBXProject "HitMe" */;
			compatibilityVersion = "Xcode 9.3";
			developmentRegion = en;
			hasScannedForEncodings = 0;
			knownRegions = (
				en,
				Base,
			);
			mainGroup = 83A2F71525F37CE300BC47A0;
			productRefGroup = 83A2F71F25F37CE300BC47A0 /* Products */;
			projectDirPath = "";
			projectRoot = "";
			targets = (
				83A2F71D25F37CE300BC47A0 /* HitMe */,
				83F87A3725F63BFE008A3924 /* HitMeTests */,
			);
		};
/* End PBXProject section */

/* Begin PBXResourcesBuildPhase section */
		83A2F71C25F37CE300BC47A0 /* Resources */ = {
			isa = PBXResourcesBuildPhase;
			buildActionMask = 2147483647;
			files = (
				83A2F72925F37CE400BC47A0 /* Preview Assets.xcassets in Resources */,
				83A2F72625F37CE400BC47A0 /* Assets.xcassets in Resources */,
			);
			runOnlyForDeploymentPostprocessing = 0;
		};
		83F87A3625F63BFE008A3924 /* Resources */ = {
			isa = PBXResourcesBuildPhase;
			buildActionMask = 2147483647;
			files = (
			);
			runOnlyForDeploymentPostprocessing = 0;
		};
/* End PBXResourcesBuildPhase section */

/* Begin PBXSourcesBuildPhase section */
		83A2F71A25F37CE300BC47A0 /* Sources */ = {
			isa = PBXSourcesBuildPhase;
			buildActionMask = 2147483647;
			files = (
				83BBAFD625FB9F3C007C347C /* LeaderboardView.swift in Sources */,
				83DBFC5C25F8B61200F37B3C /* RoundedViews.swift in Sources */,
				83A2F72425F37CE300BC47A0 /* ContentView.swift in Sources */,
				83225D0F25FA1A4400C1AA8D /* PointsView.swift in Sources */,
				83DBFC5225F7F46300F37B3C /* TextViews.swift in Sources */,
				838F030C25F8CD4600791F72 /* BackgroundView.swift in Sources */,
				83BBAFD025FB752E007C347C /* Constants.swift in Sources */,
				83DBFC5825F7FA8D00F37B3C /* Shapes.swift in Sources */,
				83828BEB25F4EC840043F125 /* Game.swift in Sources */,
				83A2F72225F37CE300BC47A0 /* HitMeApp.swift in Sources */,
			);
			runOnlyForDeploymentPostprocessing = 0;
		};
		83F87A3425F63BFE008A3924 /* Sources */ = {
			isa = PBXSourcesBuildPhase;
			buildActionMask = 2147483647;
			files = (
				83F87A3B25F63BFE008A3924 /* HitMeTests.swift in Sources */,
			);
			runOnlyForDeploymentPostprocessing = 0;
		};
/* End PBXSourcesBuildPhase section */

/* Begin PBXTargetDependency section */
		83F87A3E25F63BFE008A3924 /* PBXTargetDependency */ = {
			isa = PBXTargetDependency;
			target = 83A2F71D25F37CE300BC47A0 /* HitMe */;
			targetProxy = 83F87A3D25F63BFE008A3924 /* PBXContainerItemProxy */;
		};
/* End PBXTargetDependency section */

/* Begin XCBuildConfiguration section */
		83A2F72B25F37CE400BC47A0 /* Debug */ = {
			isa = XCBuildConfiguration;
			buildSettings = {
				ALWAYS_SEARCH_USER_PATHS = NO;
				CLANG_ANALYZER_NONNULL = YES;
				CLANG_ANALYZER_NUMBER_OBJECT_CONVERSION = YES_AGGRESSIVE;
				CLANG_CXX_LANGUAGE_STANDARD = "gnu++14";
				CLANG_CXX_LIBRARY = "libc++";
				CLANG_ENABLE_MODULES = YES;
				CLANG_ENABLE_OBJC_ARC = YES;
				CLANG_ENABLE_OBJC_WEAK = YES;
				CLANG_WARN_BLOCK_CAPTURE_AUTORELEASING = YES;
				CLANG_WARN_BOOL_CONVERSION = YES;
				CLANG_WARN_COMMA = YES;
				CLANG_WARN_CONSTANT_CONVERSION = YES;
				CLANG_WARN_DEPRECATED_OBJC_IMPLEMENTATIONS = YES;
				CLANG_WARN_DIRECT_OBJC_ISA_USAGE = YES_ERROR;
				CLANG_WARN_DOCUMENTATION_COMMENTS = YES;
				CLANG_WARN_EMPTY_BODY = YES;
				CLANG_WARN_ENUM_CONVERSION = YES;
				CLANG_WARN_INFINITE_RECURSION = YES;
				CLANG_WARN_INT_CONVERSION = YES;
				CLANG_WARN_NON_LITERAL_NULL_CONVERSION = YES;
				CLANG_WARN_OBJC_IMPLICIT_RETAIN_SELF = YES;
				CLANG_WARN_OBJC_LITERAL_CONVERSION = YES;
				CLANG_WARN_OBJC_ROOT_CLASS = YES_ERROR;
				CLANG_WARN_QUOTED_INCLUDE_IN_FRAMEWORK_HEADER = YES;
				CLANG_WARN_RANGE_LOOP_ANALYSIS = YES;
				CLANG_WARN_STRICT_PROTOTYPES = YES;
				CLANG_WARN_SUSPICIOUS_MOVE = YES;
				CLANG_WARN_UNGUARDED_AVAILABILITY = YES_AGGRESSIVE;
				CLANG_WARN_UNREACHABLE_CODE = YES;
				CLANG_WARN__DUPLICATE_METHOD_MATCH = YES;
				COPY_PHASE_STRIP = NO;
				DEBUG_INFORMATION_FORMAT = dwarf;
				ENABLE_STRICT_OBJC_MSGSEND = YES;
				ENABLE_TESTABILITY = YES;
				GCC_C_LANGUAGE_STANDARD = gnu11;
				GCC_DYNAMIC_NO_PIC = NO;
				GCC_NO_COMMON_BLOCKS = YES;
				GCC_OPTIMIZATION_LEVEL = 0;
				GCC_PREPROCESSOR_DEFINITIONS = (
					"DEBUG=1",
					"$(inherited)",
				);
				GCC_WARN_64_TO_32_BIT_CONVERSION = YES;
				GCC_WARN_ABOUT_RETURN_TYPE = YES_ERROR;
				GCC_WARN_UNDECLARED_SELECTOR = YES;
				GCC_WARN_UNINITIALIZED_AUTOS = YES_AGGRESSIVE;
				GCC_WARN_UNUSED_FUNCTION = YES;
				GCC_WARN_UNUSED_VARIABLE = YES;
				IPHONEOS_DEPLOYMENT_TARGET = 14.4;
				MTL_ENABLE_DEBUG_INFO = INCLUDE_SOURCE;
				MTL_FAST_MATH = YES;
				ONLY_ACTIVE_ARCH = YES;
				SDKROOT = iphoneos;
				SWIFT_ACTIVE_COMPILATION_CONDITIONS = DEBUG;
				SWIFT_OPTIMIZATION_LEVEL = "-Onone";
			};
			name = Debug;
		};
		83A2F72C25F37CE400BC47A0 /* Release */ = {
			isa = XCBuildConfiguration;
			buildSettings = {
				ALWAYS_SEARCH_USER_PATHS = NO;
				CLANG_ANALYZER_NONNULL = YES;
				CLANG_ANALYZER_NUMBER_OBJECT_CONVERSION = YES_AGGRESSIVE;
				CLANG_CXX_LANGUAGE_STANDARD = "gnu++14";
				CLANG_CXX_LIBRARY = "libc++";
				CLANG_ENABLE_MODULES = YES;
				CLANG_ENABLE_OBJC_ARC = YES;
				CLANG_ENABLE_OBJC_WEAK = YES;
				CLANG_WARN_BLOCK_CAPTURE_AUTORELEASING = YES;
				CLANG_WARN_BOOL_CONVERSION = YES;
				CLANG_WARN_COMMA = YES;
				CLANG_WARN_CONSTANT_CONVERSION = YES;
				CLANG_WARN_DEPRECATED_OBJC_IMPLEMENTATIONS = YES;
				CLANG_WARN_DIRECT_OBJC_ISA_USAGE = YES_ERROR;
				CLANG_WARN_DOCUMENTATION_COMMENTS = YES;
				CLANG_WARN_EMPTY_BODY = YES;
				CLANG_WARN_ENUM_CONVERSION = YES;
				CLANG_WARN_INFINITE_RECURSION = YES;
				CLANG_WARN_INT_CONVERSION = YES;
				CLANG_WARN_NON_LITERAL_NULL_CONVERSION = YES;
				CLANG_WARN_OBJC_IMPLICIT_RETAIN_SELF = YES;
				CLANG_WARN_OBJC_LITERAL_CONVERSION = YES;
				CLANG_WARN_OBJC_ROOT_CLASS = YES_ERROR;
				CLANG_WARN_QUOTED_INCLUDE_IN_FRAMEWORK_HEADER = YES;
				CLANG_WARN_RANGE_LOOP_ANALYSIS = YES;
				CLANG_WARN_STRICT_PROTOTYPES = YES;
				CLANG_WARN_SUSPICIOUS_MOVE = YES;
				CLANG_WARN_UNGUARDED_AVAILABILITY = YES_AGGRESSIVE;
				CLANG_WARN_UNREACHABLE_CODE = YES;
				CLANG_WARN__DUPLICATE_METHOD_MATCH = YES;
				COPY_PHASE_STRIP = NO;
				DEBUG_INFORMATION_FORMAT = "dwarf-with-dsym";
				ENABLE_NS_ASSERTIONS = NO;
				ENABLE_STRICT_OBJC_MSGSEND = YES;
				GCC_C_LANGUAGE_STANDARD = gnu11;
				GCC_NO_COMMON_BLOCKS = YES;
				GCC_WARN_64_TO_32_BIT_CONVERSION = YES;
				GCC_WARN_ABOUT_RETURN_TYPE = YES_ERROR;
				GCC_WARN_UNDECLARED_SELECTOR = YES;
				GCC_WARN_UNINITIALIZED_AUTOS = YES_AGGRESSIVE;
				GCC_WARN_UNUSED_FUNCTION = YES;
				GCC_WARN_UNUSED_VARIABLE = YES;
				IPHONEOS_DEPLOYMENT_TARGET = 14.4;
				MTL_ENABLE_DEBUG_INFO = NO;
				MTL_FAST_MATH = YES;
				SDKROOT = iphoneos;
				SWIFT_COMPILATION_MODE = wholemodule;
				SWIFT_OPTIMIZATION_LEVEL = "-O";
				VALIDATE_PRODUCT = YES;
			};
			name = Release;
		};
		83A2F72E25F37CE400BC47A0 /* Debug */ = {
			isa = XCBuildConfiguration;
			buildSettings = {
				ASSETCATALOG_COMPILER_APPICON_NAME = AppIcon;
				ASSETCATALOG_COMPILER_GLOBAL_ACCENT_COLOR_NAME = AccentColor;
				CODE_SIGN_STYLE = Automatic;
				DEVELOPMENT_ASSET_PATHS = "\"HitMe/Preview Content\"";
				DEVELOPMENT_TEAM = 99DRR4LYQX;
				ENABLE_PREVIEWS = YES;
				INFOPLIST_FILE = HitMe/App/Info.plist;
				IPHONEOS_DEPLOYMENT_TARGET = 14.4;
				LD_RUNPATH_SEARCH_PATHS = (
					"$(inherited)",
					"@executable_path/Frameworks",
				);
				PRODUCT_BUNDLE_IDENTIFIER = dev.chriskrueger.HitMe;
				PRODUCT_NAME = "$(TARGET_NAME)";
				SWIFT_VERSION = 5.0;
				TARGETED_DEVICE_FAMILY = "1,2";
			};
			name = Debug;
		};
		83A2F72F25F37CE400BC47A0 /* Release */ = {
			isa = XCBuildConfiguration;
			buildSettings = {
				ASSETCATALOG_COMPILER_APPICON_NAME = AppIcon;
				ASSETCATALOG_COMPILER_GLOBAL_ACCENT_COLOR_NAME = AccentColor;
				CODE_SIGN_STYLE = Automatic;
				DEVELOPMENT_ASSET_PATHS = "\"HitMe/Preview Content\"";
				DEVELOPMENT_TEAM = 99DRR4LYQX;
				ENABLE_PREVIEWS = YES;
				INFOPLIST_FILE = HitMe/App/Info.plist;
				IPHONEOS_DEPLOYMENT_TARGET = 14.4;
				LD_RUNPATH_SEARCH_PATHS = (
					"$(inherited)",
					"@executable_path/Frameworks",
				);
				PRODUCT_BUNDLE_IDENTIFIER = dev.chriskrueger.HitMe;
				PRODUCT_NAME = "$(TARGET_NAME)";
				SWIFT_VERSION = 5.0;
				TARGETED_DEVICE_FAMILY = "1,2";
			};
			name = Release;
		};
		83F87A4025F63BFE008A3924 /* Debug */ = {
			isa = XCBuildConfiguration;
			buildSettings = {
				BUNDLE_LOADER = "$(TEST_HOST)";
				CODE_SIGN_STYLE = Automatic;
				DEVELOPMENT_TEAM = 99DRR4LYQX;
				INFOPLIST_FILE = HitMeTests/Info.plist;
				LD_RUNPATH_SEARCH_PATHS = (
					"$(inherited)",
					"@executable_path/Frameworks",
					"@loader_path/Frameworks",
				);
				PRODUCT_BUNDLE_IDENTIFIER = dev.chriskrueger.HitMeTests;
				PRODUCT_NAME = "$(TARGET_NAME)";
				SWIFT_VERSION = 5.0;
				TARGETED_DEVICE_FAMILY = "1,2";
				TEST_HOST = "$(BUILT_PRODUCTS_DIR)/HitMe.app/HitMe";
			};
			name = Debug;
		};
		83F87A4125F63BFE008A3924 /* Release */ = {
			isa = XCBuildConfiguration;
			buildSettings = {
				BUNDLE_LOADER = "$(TEST_HOST)";
				CODE_SIGN_STYLE = Automatic;
				DEVELOPMENT_TEAM = 99DRR4LYQX;
				INFOPLIST_FILE = HitMeTests/Info.plist;
				LD_RUNPATH_SEARCH_PATHS = (
					"$(inherited)",
					"@executable_path/Frameworks",
					"@loader_path/Frameworks",
				);
				PRODUCT_BUNDLE_IDENTIFIER = dev.chriskrueger.HitMeTests;
				PRODUCT_NAME = "$(TARGET_NAME)";
				SWIFT_VERSION = 5.0;
				TARGETED_DEVICE_FAMILY = "1,2";
				TEST_HOST = "$(BUILT_PRODUCTS_DIR)/HitMe.app/HitMe";
			};
			name = Release;
		};
/* End XCBuildConfiguration section */

/* Begin XCConfigurationList section */
		83A2F71925F37CE300BC47A0 /* Build configuration list for PBXProject "HitMe" */ = {
			isa = XCConfigurationList;
			buildConfigurations = (
				83A2F72B25F37CE400BC47A0 /* Debug */,
				83A2F72C25F37CE400BC47A0 /* Release */,
			);
			defaultConfigurationIsVisible = 0;
			defaultConfigurationName = Release;
		};
		83A2F72D25F37CE400BC47A0 /* Build configuration list for PBXNativeTarget "HitMe" */ = {
			isa = XCConfigurationList;
			buildConfigurations = (
				83A2F72E25F37CE400BC47A0 /* Debug */,
				83A2F72F25F37CE400BC47A0 /* Release */,
			);
			defaultConfigurationIsVisible = 0;
			defaultConfigurationName = Release;
		};
		83F87A3F25F63BFE008A3924 /* Build configuration list for PBXNativeTarget "HitMeTests" */ = {
			isa = XCConfigurationList;
			buildConfigurations = (
				83F87A4025F63BFE008A3924 /* Debug */,
				83F87A4125F63BFE008A3924 /* Release */,
			);
			defaultConfigurationIsVisible = 0;
			defaultConfigurationName = Release;
		};
/* End XCConfigurationList section */
	};
	rootObject = 83A2F71625F37CE300BC47A0 /* Project object */;
}
